
Microsoft Visual Studio Solution File, Format Version 12.00
# Visual Studio Version 17
VisualStudioVersion = 17.11.35219.272
MinimumVisualStudioVersion = 10.0.40219.1
Project("{FAE04EC0-301F-11D3-BF4B-00C04F79EFBC}") = "Questão1", "Questão1\Questão1.csproj", "{C53FE27B-4875-43C4-9AEF-5E416058CC1A}"
EndProject
Global
	GlobalSection(SolutionConfigurationPlatforms) = preSolution
		Debug|Any CPU = Debug|Any CPU
		Release|Any CPU = Release|Any CPU
	EndGlobalSection
	GlobalSection(ProjectConfigurationPlatforms) = postSolution
		{C53FE27B-4875-43C4-9AEF-5E416058CC1A}.Debug|Any CPU.ActiveCfg = Debug|Any CPU
		{C53FE27B-4875-43C4-9AEF-5E416058CC1A}.Debug|Any CPU.Build.0 = Debug|Any CPU
		{C53FE27B-4875-43C4-9AEF-5E416058CC1A}.Release|Any CPU.ActiveCfg = Release|Any CPU
		{C53FE27B-4875-43C4-9AEF-5E416058CC1A}.Release|Any CPU.Build.0 = Release|Any CPU
	EndGlobalSection
	GlobalSection(SolutionProperties) = preSolution
		HideSolutionNode = FALSE
	EndGlobalSection
	GlobalSection(ExtensibilityGlobals) = postSolution
		SolutionGuid = {E97B632A-DFCA-4B2C-8536-C9BB2FB0D91C}
	EndGlobalSection
EndGlobal
